// !$*UTF8*$!
{
	archiveVersion = 1;
	classes = {
	};
	objectVersion = 52;
	objects = {

/* Begin PBXBuildFile section */
		544D78B22461ACE9007DB763 /* AppDelegate.swift in Sources */ = {isa = PBXBuildFile; fileRef = 544D78B12461ACE9007DB763 /* AppDelegate.swift */; };
		544D78B42461ACE9007DB763 /* SceneDelegate.swift in Sources */ = {isa = PBXBuildFile; fileRef = 544D78B32461ACE9007DB763 /* SceneDelegate.swift */; };
		544D78B62461ACE9007DB763 /* MapView.swift in Sources */ = {isa = PBXBuildFile; fileRef = 544D78B52461ACE9007DB763 /* MapView.swift */; };
		544D78B82461ACED007DB763 /* Assets.xcassets in Resources */ = {isa = PBXBuildFile; fileRef = 544D78B72461ACED007DB763 /* Assets.xcassets */; };
		544D78BB2461ACED007DB763 /* Preview Assets.xcassets in Resources */ = {isa = PBXBuildFile; fileRef = 544D78BA2461ACED007DB763 /* Preview Assets.xcassets */; };
		544D78BE2461ACED007DB763 /* LaunchScreen.storyboard in Resources */ = {isa = PBXBuildFile; fileRef = 544D78BC2461ACED007DB763 /* LaunchScreen.storyboard */; };
		544D78C82461B79A007DB763 /* MapViewCoordinator.swift in Sources */ = {isa = PBXBuildFile; fileRef = 544D78C72461B79A007DB763 /* MapViewCoordinator.swift */; };
		544D78CA2461BE33007DB763 /* LocationViewModel.swift in Sources */ = {isa = PBXBuildFile; fileRef = 544D78C92461BE33007DB763 /* LocationViewModel.swift */; };
		54D146452463429F008AB668 /* Polyline in Frameworks */ = {isa = PBXBuildFile; productRef = 54D146442463429F008AB668 /* Polyline */; };
/* End PBXBuildFile section */

/* Begin PBXFileReference section */
		544D78AE2461ACE9007DB763 /* MapkitPolyline.app */ = {isa = PBXFileReference; explicitFileType = wrapper.application; includeInIndex = 0; path = MapkitPolyline.app; sourceTree = BUILT_PRODUCTS_DIR; };
		544D78B12461ACE9007DB763 /* AppDelegate.swift */ = {isa = PBXFileReference; lastKnownFileType = sourcecode.swift; path = AppDelegate.swift; sourceTree = "<group>"; };
		544D78B32461ACE9007DB763 /* SceneDelegate.swift */ = {isa = PBXFileReference; lastKnownFileType = sourcecode.swift; path = SceneDelegate.swift; sourceTree = "<group>"; };
		544D78B52461ACE9007DB763 /* MapView.swift */ = {isa = PBXFileReference; lastKnownFileType = sourcecode.swift; path = MapView.swift; sourceTree = "<group>"; };
		544D78B72461ACED007DB763 /* Assets.xcassets */ = {isa = PBXFileReference; lastKnownFileType = folder.assetcatalog; path = Assets.xcassets; sourceTree = "<group>"; };
		544D78BA2461ACED007DB763 /* Preview Assets.xcassets */ = {isa = PBXFileReference; lastKnownFileType = folder.assetcatalog; path = "Preview Assets.xcassets"; sourceTree = "<group>"; };
		544D78BD2461ACED007DB763 /* Base */ = {isa = PBXFileReference; lastKnownFileType = file.storyboard; name = Base; path = Base.lproj/LaunchScreen.storyboard; sourceTree = "<group>"; };
		544D78BF2461ACED007DB763 /* Info.plist */ = {isa = PBXFileReference; lastKnownFileType = text.plist.xml; path = Info.plist; sourceTree = "<group>"; };
		544D78C72461B79A007DB763 /* MapViewCoordinator.swift */ = {isa = PBXFileReference; lastKnownFileType = sourcecode.swift; path = MapViewCoordinator.swift; sourceTree = "<group>"; };
		544D78C92461BE33007DB763 /* LocationViewModel.swift */ = {isa = PBXFileReference; lastKnownFileType = sourcecode.swift; path = LocationViewModel.swift; sourceTree = "<group>"; };
/* End PBXFileReference section */

/* Begin PBXFrameworksBuildPhase section */
		544D78AB2461ACE9007DB763 /* Frameworks */ = {
			isa = PBXFrameworksBuildPhase;
			buildActionMask = 2147483647;
			files = (
				54D146452463429F008AB668 /* Polyline in Frameworks */,
			);
			runOnlyForDeploymentPostprocessing = 0;
		};
/* End PBXFrameworksBuildPhase section */

/* Begin PBXGroup section */
		544D78A52461ACE9007DB763 = {
			isa = PBXGroup;
			children = (
				544D78B02461ACE9007DB763 /* MapkitPolyline */,
				544D78AF2461ACE9007DB763 /* Products */,
			);
			sourceTree = "<group>";
		};
		544D78AF2461ACE9007DB763 /* Products */ = {
			isa = PBXGroup;
			children = (
				544D78AE2461ACE9007DB763 /* MapkitPolyline.app */,
			);
			name = Products;
			sourceTree = "<group>";
		};
		544D78B02461ACE9007DB763 /* MapkitPolyline */ = {
			isa = PBXGroup;
			children = (
				544D78D02461CEE8007DB763 /* Views */,
				544D78C62461B2E5007DB763 /* Coordinator */,
				544D78C52461B2D3007DB763 /* ViewModel */,
				544D78B12461ACE9007DB763 /* AppDelegate.swift */,
				544D78B32461ACE9007DB763 /* SceneDelegate.swift */,
				544D78B72461ACED007DB763 /* Assets.xcassets */,
				544D78BC2461ACED007DB763 /* LaunchScreen.storyboard */,
				544D78BF2461ACED007DB763 /* Info.plist */,
				544D78B92461ACED007DB763 /* Preview Content */,
			);
			path = MapkitPolyline;
			sourceTree = "<group>";
		};
		544D78B92461ACED007DB763 /* Preview Content */ = {
			isa = PBXGroup;
			children = (
				544D78BA2461ACED007DB763 /* Preview Assets.xcassets */,
			);
			path = "Preview Content";
			sourceTree = "<group>";
		};
		544D78C52461B2D3007DB763 /* ViewModel */ = {
			isa = PBXGroup;
			children = (
				544D78C92461BE33007DB763 /* LocationViewModel.swift */,
			);
			path = ViewModel;
			sourceTree = "<group>";
		};
		544D78C62461B2E5007DB763 /* Coordinator */ = {
			isa = PBXGroup;
			children = (
				544D78C72461B79A007DB763 /* MapViewCoordinator.swift */,
			);
			path = Coordinator;
			sourceTree = "<group>";
		};
		544D78D02461CEE8007DB763 /* Views */ = {
			isa = PBXGroup;
			children = (
				544D78B52461ACE9007DB763 /* MapView.swift */,
			);
			path = Views;
			sourceTree = "<group>";
		};
/* End PBXGroup section */

/* Begin PBXNativeTarget section */
		544D78AD2461ACE9007DB763 /* MapkitPolyline */ = {
			isa = PBXNativeTarget;
			buildConfigurationList = 544D78C22461ACED007DB763 /* Build configuration list for PBXNativeTarget "MapkitPolyline" */;
			buildPhases = (
				544D78AA2461ACE9007DB763 /* Sources */,
				544D78AB2461ACE9007DB763 /* Frameworks */,
				544D78AC2461ACE9007DB763 /* Resources */,
			);
			buildRules = (
			);
			dependencies = (
			);
			name = MapkitPolyline;
			packageProductDependencies = (
				54D146442463429F008AB668 /* Polyline */,
			);
			productName = MapkitPolyline;
			productReference = 544D78AE2461ACE9007DB763 /* MapkitPolyline.app */;
			productType = "com.apple.product-type.application";
		};
/* End PBXNativeTarget section */

/* Begin PBXProject section */
		544D78A62461ACE9007DB763 /* Project object */ = {
			isa = PBXProject;
			attributes = {
				LastSwiftUpdateCheck = 1140;
				LastUpgradeCheck = 1140;
				ORGANIZATIONNAME = CoderCamp;
				TargetAttributes = {
					544D78AD2461ACE9007DB763 = {
						CreatedOnToolsVersion = 11.4.1;
					};
				};
			};
			buildConfigurationList = 544D78A92461ACE9007DB763 /* Build configuration list for PBXProject "MapkitPolyline" */;
			compatibilityVersion = "Xcode 9.3";
			developmentRegion = en;
			hasScannedForEncodings = 0;
			knownRegions = (
				en,
				Base,
			);
			mainGroup = 544D78A52461ACE9007DB763;
			packageReferences = (
				54D146432463429F008AB668 /* XCRemoteSwiftPackageReference "Polyline" */,
			);
			productRefGroup = 544D78AF2461ACE9007DB763 /* Products */;
			projectDirPath = "";
			projectRoot = "";
			targets = (
				544D78AD2461ACE9007DB763 /* MapkitPolyline */,
			);
		};
/* End PBXProject section */

/* Begin PBXResourcesBuildPhase section */
		544D78AC2461ACE9007DB763 /* Resources */ = {
			isa = PBXResourcesBuildPhase;
			buildActionMask = 2147483647;
			files = (
				544D78BE2461ACED007DB763 /* LaunchScreen.storyboard in Resources */,
				544D78BB2461ACED007DB763 /* Preview Assets.xcassets in Resources */,
				544D78B82461ACED007DB763 /* Assets.xcassets in Resources */,
			);
			runOnlyForDeploymentPostprocessing = 0;
		};
/* End PBXResourcesBuildPhase section */

/* Begin PBXSourcesBuildPhase section */
		544D78AA2461ACE9007DB763 /* Sources */ = {
			isa = PBXSourcesBuildPhase;
			buildActionMask = 2147483647;
			files = (
				544D78CA2461BE33007DB763 /* LocationViewModel.swift in Sources */,
				544D78C82461B79A007DB763 /* MapViewCoordinator.swift in Sources */,
				544D78B22461ACE9007DB763 /* AppDelegate.swift in Sources */,
				544D78B42461ACE9007DB763 /* SceneDelegate.swift in Sources */,
				544D78B62461ACE9007DB763 /* MapView.swift in Sources */,
			);
			runOnlyForDeploymentPostprocessing = 0;
		};
/* End PBXSourcesBuildPhase section */

/* Begin PBXVariantGroup section */
		544D78BC2461ACED007DB763 /* LaunchScreen.storyboard */ = {
			isa = PBXVariantGroup;
			children = (
				544D78BD2461ACED007DB763 /* Base */,
			);
			name = LaunchScreen.storyboard;
			sourceTree = "<group>";
		};
/* End PBXVariantGroup section */

/* Begin XCBuildConfiguration section */
		544D78C02461ACED007DB763 /* Debug */ = {
			isa = XCBuildConfiguration;
			buildSettings = {
				ALWAYS_SEARCH_USER_PATHS = NO;
				CLANG_ANALYZER_NONNULL = YES;
				CLANG_ANALYZER_NUMBER_OBJECT_CONVERSION = YES_AGGRESSIVE;
				CLANG_CXX_LANGUAGE_STANDARD = "gnu++14";
				CLANG_CXX_LIBRARY = "libc++";
				CLANG_ENABLE_MODULES = YES;
				CLANG_ENABLE_OBJC_ARC = YES;
				CLANG_ENABLE_OBJC_WEAK = YES;
				CLANG_WARN_BLOCK_CAPTURE_AUTORELEASING = YES;
				CLANG_WARN_BOOL_CONVERSION = YES;
				CLANG_WARN_COMMA = YES;
				CLANG_WARN_CONSTANT_CONVERSION = YES;
				CLANG_WARN_DEPRECATED_OBJC_IMPLEMENTATIONS = YES;
				CLANG_WARN_DIRECT_OBJC_ISA_USAGE = YES_ERROR;
				CLANG_WARN_DOCUMENTATION_COMMENTS = YES;
				CLANG_WARN_EMPTY_BODY = YES;
				CLANG_WARN_ENUM_CONVERSION = YES;
				CLANG_WARN_INFINITE_RECURSION = YES;
				CLANG_WARN_INT_CONVERSION = YES;
				CLANG_WARN_NON_LITERAL_NULL_CONVERSION = YES;
				CLANG_WARN_OBJC_IMPLICIT_RETAIN_SELF = YES;
				CLANG_WARN_OBJC_LITERAL_CONVERSION = YES;
				CLANG_WARN_OBJC_ROOT_CLASS = YES_ERROR;
				CLANG_WARN_RANGE_LOOP_ANALYSIS = YES;
				CLANG_WARN_STRICT_PROTOTYPES = YES;
				CLANG_WARN_SUSPICIOUS_MOVE = YES;
				CLANG_WARN_UNGUARDED_AVAILABILITY = YES_AGGRESSIVE;
				CLANG_WARN_UNREACHABLE_CODE = YES;
				CLANG_WARN__DUPLICATE_METHOD_MATCH = YES;
				COPY_PHASE_STRIP = NO;
				DEBUG_INFORMATION_FORMAT = dwarf;
				ENABLE_STRICT_OBJC_MSGSEND = YES;
				ENABLE_TESTABILITY = YES;
				GCC_C_LANGUAGE_STANDARD = gnu11;
				GCC_DYNAMIC_NO_PIC = NO;
				GCC_NO_COMMON_BLOCKS = YES;
				GCC_OPTIMIZATION_LEVEL = 0;
				GCC_PREPROCESSOR_DEFINITIONS = (
					"DEBUG=1",
					"$(inherited)",
				);
				GCC_WARN_64_TO_32_BIT_CONVERSION = YES;
				GCC_WARN_ABOUT_RETURN_TYPE = YES_ERROR;
				GCC_WARN_UNDECLARED_SELECTOR = YES;
				GCC_WARN_UNINITIALIZED_AUTOS = YES_AGGRESSIVE;
				GCC_WARN_UNUSED_FUNCTION = YES;
				GCC_WARN_UNUSED_VARIABLE = YES;
				IPHONEOS_DEPLOYMENT_TARGET = 13.4;
				MTL_ENABLE_DEBUG_INFO = INCLUDE_SOURCE;
				MTL_FAST_MATH = YES;
				ONLY_ACTIVE_ARCH = YES;
				SDKROOT = iphoneos;
				SWIFT_ACTIVE_COMPILATION_CONDITIONS = DEBUG;
				SWIFT_OPTIMIZATION_LEVEL = "-Onone";
			};
			name = Debug;
		};
		544D78C12461ACED007DB763 /* Release */ = {
			isa = XCBuildConfiguration;
			buildSettings = {
				ALWAYS_SEARCH_USER_PATHS = NO;
				CLANG_ANALYZER_NONNULL = YES;
				CLANG_ANALYZER_NUMBER_OBJECT_CONVERSION = YES_AGGRESSIVE;
				CLANG_CXX_LANGUAGE_STANDARD = "gnu++14";
				CLANG_CXX_LIBRARY = "libc++";
				CLANG_ENABLE_MODULES = YES;
				CLANG_ENABLE_OBJC_ARC = YES;
				CLANG_ENABLE_OBJC_WEAK = YES;
				CLANG_WARN_BLOCK_CAPTURE_AUTORELEASING = YES;
				CLANG_WARN_BOOL_CONVERSION = YES;
				CLANG_WARN_COMMA = YES;
				CLANG_WARN_CONSTANT_CONVERSION = YES;
				CLANG_WARN_DEPRECATED_OBJC_IMPLEMENTATIONS = YES;
				CLANG_WARN_DIRECT_OBJC_ISA_USAGE = YES_ERROR;
				CLANG_WARN_DOCUMENTATION_COMMENTS = YES;
				CLANG_WARN_EMPTY_BODY = YES;
				CLANG_WARN_ENUM_CONVERSION = YES;
				CLANG_WARN_INFINITE_RECURSION = YES;
				CLANG_WARN_INT_CONVERSION = YES;
				CLANG_WARN_NON_LITERAL_NULL_CONVERSION = YES;
				CLANG_WARN_OBJC_IMPLICIT_RETAIN_SELF = YES;
				CLANG_WARN_OBJC_LITERAL_CONVERSION = YES;
				CLANG_WARN_OBJC_ROOT_CLASS = YES_ERROR;
				CLANG_WARN_RANGE_LOOP_ANALYSIS = YES;
				CLANG_WARN_STRICT_PROTOTYPES = YES;
				CLANG_WARN_SUSPICIOUS_MOVE = YES;
				CLANG_WARN_UNGUARDED_AVAILABILITY = YES_AGGRESSIVE;
				CLANG_WARN_UNREACHABLE_CODE = YES;
				CLANG_WARN__DUPLICATE_METHOD_MATCH = YES;
				COPY_PHASE_STRIP = NO;
				DEBUG_INFORMATION_FORMAT = "dwarf-with-dsym";
				ENABLE_NS_ASSERTIONS = NO;
				ENABLE_STRICT_OBJC_MSGSEND = YES;
				GCC_C_LANGUAGE_STANDARD = gnu11;
				GCC_NO_COMMON_BLOCKS = YES;
				GCC_WARN_64_TO_32_BIT_CONVERSION = YES;
				GCC_WARN_ABOUT_RETURN_TYPE = YES_ERROR;
				GCC_WARN_UNDECLARED_SELECTOR = YES;
				GCC_WARN_UNINITIALIZED_AUTOS = YES_AGGRESSIVE;
				GCC_WARN_UNUSED_FUNCTION = YES;
				GCC_WARN_UNUSED_VARIABLE = YES;
				IPHONEOS_DEPLOYMENT_TARGET = 13.4;
				MTL_ENABLE_DEBUG_INFO = NO;
				MTL_FAST_MATH = YES;
				SDKROOT = iphoneos;
				SWIFT_COMPILATION_MODE = wholemodule;
				SWIFT_OPTIMIZATION_LEVEL = "-O";
				VALIDATE_PRODUCT = YES;
			};
			name = Release;
		};
		544D78C32461ACED007DB763 /* Debug */ = {
			isa = XCBuildConfiguration;
			buildSettings = {
				ASSETCATALOG_COMPILER_APPICON_NAME = AppIcon;
				CODE_SIGN_STYLE = Automatic;
				DEVELOPMENT_ASSET_PATHS = "\"MapkitPolyline/Preview Content\"";
				DEVELOPMENT_TEAM = PPCD7J8R79;
				ENABLE_PREVIEWS = YES;
				INFOPLIST_FILE = MapkitPolyline/Info.plist;
				LD_RUNPATH_SEARCH_PATHS = (
					"$(inherited)",
					"@executable_path/Frameworks",
				);
				PRODUCT_BUNDLE_IDENTIFIER = mx.codercamp.MapkitPolyline;
				PRODUCT_NAME = "$(TARGET_NAME)";
				SWIFT_VERSION = 5.0;
				TARGETED_DEVICE_FAMILY = "1,2";
			};
			name = Debug;
		};
		544D78C42461ACED007DB763 /* Release */ = {
			isa = XCBuildConfiguration;
			buildSettings = {
				ASSETCATALOG_COMPILER_APPICON_NAME = AppIcon;
				CODE_SIGN_STYLE = Automatic;
				DEVELOPMENT_ASSET_PATHS = "\"MapkitPolyline/Preview Content\"";
				DEVELOPMENT_TEAM = PPCD7J8R79;
				ENABLE_PREVIEWS = YES;
				INFOPLIST_FILE = MapkitPolyline/Info.plist;
				LD_RUNPATH_SEARCH_PATHS = (
					"$(inherited)",
					"@executable_path/Frameworks",
				);
				PRODUCT_BUNDLE_IDENTIFIER = mx.codercamp.MapkitPolyline;
				PRODUCT_NAME = "$(TARGET_NAME)";
				SWIFT_VERSION = 5.0;
				TARGETED_DEVICE_FAMILY = "1,2";
			};
			name = Release;
		};
/* End XCBuildConfiguration section */

/* Begin XCConfigurationList section */
		544D78A92461ACE9007DB763 /* Build configuration list for PBXProject "MapkitPolyline" */ = {
			isa = XCConfigurationList;
			buildConfigurations = (
				544D78C02461ACED007DB763 /* Debug */,
				544D78C12461ACED007DB763 /* Release */,
			);
			defaultConfigurationIsVisible = 0;
			defaultConfigurationName = Release;
		};
		544D78C22461ACED007DB763 /* Build configuration list for PBXNativeTarget "MapkitPolyline" */ = {
			isa = XCConfigurationList;
			buildConfigurations = (
				544D78C32461ACED007DB763 /* Debug */,
				544D78C42461ACED007DB763 /* Release */,
			);
			defaultConfigurationIsVisible = 0;
			defaultConfigurationName = Release;
		};
/* End XCConfigurationList section */

/* Begin XCRemoteSwiftPackageReference section */
		54D146432463429F008AB668 /* XCRemoteSwiftPackageReference "Polyline" */ = {
			isa = XCRemoteSwiftPackageReference;
			repositoryURL = "git@github.com:raphaelmor/Polyline.git";
			requirement = {
				kind = upToNextMajorVersion;
				minimumVersion = 4.2.1;
			};
		};
/* End XCRemoteSwiftPackageReference section */

/* Begin XCSwiftPackageProductDependency section */
		54D146442463429F008AB668 /* Polyline */ = {
			isa = XCSwiftPackageProductDependency;
			package = 54D146432463429F008AB668 /* XCRemoteSwiftPackageReference "Polyline" */;
			productName = Polyline;
		};
/* End XCSwiftPackageProductDependency section */
	};
	rootObject = 544D78A62461ACE9007DB763 /* Project object */;
}
